// !$*UTF8*$!
{
	archiveVersion = 1;
	classes = {
	};
	objectVersion = 55;
	objects = {

/* Begin PBXBuildFile section */
		0417DE95296893D100A51775 /* AppDelegate.swift in Sources */ = {isa = PBXBuildFile; fileRef = 0417DE94296893D100A51775 /* AppDelegate.swift */; };
		0417DE97296893D100A51775 /* SceneDelegate.swift in Sources */ = {isa = PBXBuildFile; fileRef = 0417DE96296893D100A51775 /* SceneDelegate.swift */; };
		0417DE99296893D100A51775 /* ViewController.swift in Sources */ = {isa = PBXBuildFile; fileRef = 0417DE98296893D100A51775 /* ViewController.swift */; };
		0417DE9E296893D300A51775 /* Assets.xcassets in Resources */ = {isa = PBXBuildFile; fileRef = 0417DE9D296893D300A51775 /* Assets.xcassets */; };
		0417DEA1296893D300A51775 /* LaunchScreen.storyboard in Resources */ = {isa = PBXBuildFile; fileRef = 0417DE9F296893D300A51775 /* LaunchScreen.storyboard */; };
		0417DEAC29689E7C00A51775 /* NetworkService.swift in Sources */ = {isa = PBXBuildFile; fileRef = 0417DEAB29689E7C00A51775 /* NetworkService.swift */; };
		0417DEAE29689EF500A51775 /* NetworkDataFetcher.swift in Sources */ = {isa = PBXBuildFile; fileRef = 0417DEAD29689EF500A51775 /* NetworkDataFetcher.swift */; };
		0417DEB02968AE1700A51775 /* SearchResults.swift in Sources */ = {isa = PBXBuildFile; fileRef = 0417DEAF2968AE1700A51775 /* SearchResults.swift */; };
		0417DEB22968D30F00A51775 /* UILabel.swift in Sources */ = {isa = PBXBuildFile; fileRef = 0417DEB12968D30F00A51775 /* UILabel.swift */; };
		0417DEB62968D45F00A51775 /* WeatherTableViewCell.swift in Sources */ = {isa = PBXBuildFile; fileRef = 0417DEB52968D45F00A51775 /* WeatherTableViewCell.swift */; };
		0417DEB82968D51800A51775 /* UIFont.swift in Sources */ = {isa = PBXBuildFile; fileRef = 0417DEB72968D51800A51775 /* UIFont.swift */; };
		0417DEBC2968D79D00A51775 /* UIView.swift in Sources */ = {isa = PBXBuildFile; fileRef = 0417DEBB2968D79D00A51775 /* UIView.swift */; };
		0431B23A296DEADE00A34953 /* LocationService.swift in Sources */ = {isa = PBXBuildFile; fileRef = 0431B239296DEADE00A34953 /* LocationService.swift */; };
		04322E75296975E8007D73CF /* MainPresenter.swift in Sources */ = {isa = PBXBuildFile; fileRef = 04322E74296975E8007D73CF /* MainPresenter.swift */; };
		04322E7729697A8A007D73CF /* MainRouter.swift in Sources */ = {isa = PBXBuildFile; fileRef = 04322E7629697A8A007D73CF /* MainRouter.swift */; };
		04322E7929697B46007D73CF /* MainInteractor.swift in Sources */ = {isa = PBXBuildFile; fileRef = 04322E7829697B46007D73CF /* MainInteractor.swift */; };
		04322E7B29697C33007D73CF /* MainModuleBilder.swift in Sources */ = {isa = PBXBuildFile; fileRef = 04322E7A29697C33007D73CF /* MainModuleBilder.swift */; };
		044F617B2985297600F8504F /* Double.swift in Sources */ = {isa = PBXBuildFile; fileRef = 044F617A2985297600F8504F /* Double.swift */; };
		044F618F298592ED00F8504F /* DataBaseModel.xcdatamodeld in Sources */ = {isa = PBXBuildFile; fileRef = 044F618D298592ED00F8504F /* DataBaseModel.xcdatamodeld */; };
		044F619129859F6B00F8504F /* DataBaseManager.swift in Sources */ = {isa = PBXBuildFile; fileRef = 044F619029859F6B00F8504F /* DataBaseManager.swift */; };
		044F61952985B71800F8504F /* WeatherResult.swift in Sources */ = {isa = PBXBuildFile; fileRef = 044F61942985B71800F8504F /* WeatherResult.swift */; };
/* End PBXBuildFile section */

/* Begin PBXFileReference section */
		0417DE91296893D100A51775 /* WeatherVIPER_Test.app */ = {isa = PBXFileReference; explicitFileType = wrapper.application; includeInIndex = 0; path = WeatherVIPER_Test.app; sourceTree = BUILT_PRODUCTS_DIR; };
		0417DE94296893D100A51775 /* AppDelegate.swift */ = {isa = PBXFileReference; lastKnownFileType = sourcecode.swift; path = AppDelegate.swift; sourceTree = "<group>"; };
		0417DE96296893D100A51775 /* SceneDelegate.swift */ = {isa = PBXFileReference; lastKnownFileType = sourcecode.swift; path = SceneDelegate.swift; sourceTree = "<group>"; };
		0417DE98296893D100A51775 /* ViewController.swift */ = {isa = PBXFileReference; lastKnownFileType = sourcecode.swift; path = ViewController.swift; sourceTree = "<group>"; };
		0417DE9D296893D300A51775 /* Assets.xcassets */ = {isa = PBXFileReference; lastKnownFileType = folder.assetcatalog; path = Assets.xcassets; sourceTree = "<group>"; };
		0417DEA0296893D300A51775 /* Base */ = {isa = PBXFileReference; lastKnownFileType = file.storyboard; name = Base; path = Base.lproj/LaunchScreen.storyboard; sourceTree = "<group>"; };
		0417DEA2296893D300A51775 /* Info.plist */ = {isa = PBXFileReference; lastKnownFileType = text.plist.xml; path = Info.plist; sourceTree = "<group>"; };
		0417DEAB29689E7C00A51775 /* NetworkService.swift */ = {isa = PBXFileReference; lastKnownFileType = sourcecode.swift; path = NetworkService.swift; sourceTree = "<group>"; };
		0417DEAD29689EF500A51775 /* NetworkDataFetcher.swift */ = {isa = PBXFileReference; lastKnownFileType = sourcecode.swift; path = NetworkDataFetcher.swift; sourceTree = "<group>"; };
		0417DEAF2968AE1700A51775 /* SearchResults.swift */ = {isa = PBXFileReference; lastKnownFileType = sourcecode.swift; path = SearchResults.swift; sourceTree = "<group>"; };
		0417DEB12968D30F00A51775 /* UILabel.swift */ = {isa = PBXFileReference; lastKnownFileType = sourcecode.swift; path = UILabel.swift; sourceTree = "<group>"; };
		0417DEB52968D45F00A51775 /* WeatherTableViewCell.swift */ = {isa = PBXFileReference; lastKnownFileType = sourcecode.swift; path = WeatherTableViewCell.swift; sourceTree = "<group>"; };
		0417DEB72968D51800A51775 /* UIFont.swift */ = {isa = PBXFileReference; lastKnownFileType = sourcecode.swift; path = UIFont.swift; sourceTree = "<group>"; };
		0417DEBB2968D79D00A51775 /* UIView.swift */ = {isa = PBXFileReference; lastKnownFileType = sourcecode.swift; path = UIView.swift; sourceTree = "<group>"; };
		0431B239296DEADE00A34953 /* LocationService.swift */ = {isa = PBXFileReference; lastKnownFileType = sourcecode.swift; path = LocationService.swift; sourceTree = "<group>"; };
		04322E74296975E8007D73CF /* MainPresenter.swift */ = {isa = PBXFileReference; lastKnownFileType = sourcecode.swift; path = MainPresenter.swift; sourceTree = "<group>"; };
		04322E7629697A8A007D73CF /* MainRouter.swift */ = {isa = PBXFileReference; lastKnownFileType = sourcecode.swift; path = MainRouter.swift; sourceTree = "<group>"; };
		04322E7829697B46007D73CF /* MainInteractor.swift */ = {isa = PBXFileReference; lastKnownFileType = sourcecode.swift; path = MainInteractor.swift; sourceTree = "<group>"; };
		04322E7A29697C33007D73CF /* MainModuleBilder.swift */ = {isa = PBXFileReference; lastKnownFileType = sourcecode.swift; path = MainModuleBilder.swift; sourceTree = "<group>"; };
		044F617A2985297600F8504F /* Double.swift */ = {isa = PBXFileReference; lastKnownFileType = sourcecode.swift; path = Double.swift; sourceTree = "<group>"; };
		044F618E298592ED00F8504F /* DataBaseModel.xcdatamodel */ = {isa = PBXFileReference; lastKnownFileType = wrapper.xcdatamodel; path = DataBaseModel.xcdatamodel; sourceTree = "<group>"; };
		044F619029859F6B00F8504F /* DataBaseManager.swift */ = {isa = PBXFileReference; lastKnownFileType = sourcecode.swift; path = DataBaseManager.swift; sourceTree = "<group>"; };
		044F61942985B71800F8504F /* WeatherResult.swift */ = {isa = PBXFileReference; lastKnownFileType = sourcecode.swift; path = WeatherResult.swift; sourceTree = "<group>"; };
/* End PBXFileReference section */

/* Begin PBXFrameworksBuildPhase section */
		0417DE8E296893D100A51775 /* Frameworks */ = {
			isa = PBXFrameworksBuildPhase;
			buildActionMask = 2147483647;
			files = (
			);
			runOnlyForDeploymentPostprocessing = 0;
		};
/* End PBXFrameworksBuildPhase section */

/* Begin PBXGroup section */
		0417DE88296893D100A51775 = {
			isa = PBXGroup;
			children = (
				0417DE93296893D100A51775 /* WeatherVIPER_Test */,
				0417DE92296893D100A51775 /* Products */,
			);
			sourceTree = "<group>";
		};
		0417DE92296893D100A51775 /* Products */ = {
			isa = PBXGroup;
			children = (
				0417DE91296893D100A51775 /* WeatherVIPER_Test.app */,
			);
			name = Products;
			sourceTree = "<group>";
		};
		0417DE93296893D100A51775 /* WeatherVIPER_Test */ = {
			isa = PBXGroup;
			children = (
				04322E7329697491007D73CF /* Main */,
				0417DEA82968974B00A51775 /* Application */,
				0417DEB32968D33300A51775 /* Extensions */,
				044F618C2985925700F8504F /* DataBase */,
				0431B236296DDFA700A34953 /* LocationService */,
				0417DEAA29689E5300A51775 /* NetworkService */,
				0417DEA92968977E00A51775 /* Resources */,
			);
			path = WeatherVIPER_Test;
			sourceTree = "<group>";
		};
		0417DEA82968974B00A51775 /* Application */ = {
			isa = PBXGroup;
			children = (
				0417DE94296893D100A51775 /* AppDelegate.swift */,
				0417DE96296893D100A51775 /* SceneDelegate.swift */,
				0417DE9F296893D300A51775 /* LaunchScreen.storyboard */,
				0417DEA2296893D300A51775 /* Info.plist */,
			);
			path = Application;
			sourceTree = "<group>";
		};
		0417DEA92968977E00A51775 /* Resources */ = {
			isa = PBXGroup;
			children = (
				0417DE9D296893D300A51775 /* Assets.xcassets */,
			);
			path = Resources;
			sourceTree = "<group>";
		};
		0417DEAA29689E5300A51775 /* NetworkService */ = {
			isa = PBXGroup;
			children = (
				0417DEAB29689E7C00A51775 /* NetworkService.swift */,
				0417DEAD29689EF500A51775 /* NetworkDataFetcher.swift */,
				044F61822985428700F8504F /* Model */,
			);
			path = NetworkService;
			sourceTree = "<group>";
		};
		0417DEB32968D33300A51775 /* Extensions */ = {
			isa = PBXGroup;
			children = (
				044F617A2985297600F8504F /* Double.swift */,
				0417DEB42968D34300A51775 /* UIKit */,
			);
			name = Extensions;
			sourceTree = "<group>";
		};
		0417DEB42968D34300A51775 /* UIKit */ = {
			isa = PBXGroup;
			children = (
				0417DEB12968D30F00A51775 /* UILabel.swift */,
				0417DEB72968D51800A51775 /* UIFont.swift */,
				0417DEBB2968D79D00A51775 /* UIView.swift */,
			);
			name = UIKit;
			sourceTree = "<group>";
		};
		0431B236296DDFA700A34953 /* LocationService */ = {
			isa = PBXGroup;
			children = (
				0431B239296DEADE00A34953 /* LocationService.swift */,
			);
			path = LocationService;
			sourceTree = "<group>";
		};
		04322E7329697491007D73CF /* Main */ = {
			isa = PBXGroup;
			children = (
				0417DE98296893D100A51775 /* ViewController.swift */,
				04322E7829697B46007D73CF /* MainInteractor.swift */,
				04322E74296975E8007D73CF /* MainPresenter.swift */,
				04322E7629697A8A007D73CF /* MainRouter.swift */,
				04322E7A29697C33007D73CF /* MainModuleBilder.swift */,
				0417DEB52968D45F00A51775 /* WeatherTableViewCell.swift */,
			);
			path = Main;
			sourceTree = "<group>";
		};
		044F61822985428700F8504F /* Model */ = {
			isa = PBXGroup;
			children = (
				0417DEAF2968AE1700A51775 /* SearchResults.swift */,
			);
			name = Model;
			sourceTree = "<group>";
		};
		044F618C2985925700F8504F /* DataBase */ = {
			isa = PBXGroup;
			children = (
				044F618D298592ED00F8504F /* DataBaseModel.xcdatamodeld */,
				044F619029859F6B00F8504F /* DataBaseManager.swift */,
				044F61942985B71800F8504F /* WeatherResult.swift */,
			);
			path = DataBase;
			sourceTree = "<group>";
		};
/* End PBXGroup section */

/* Begin PBXNativeTarget section */
		0417DE90296893D100A51775 /* WeatherVIPER_Test */ = {
			isa = PBXNativeTarget;
			buildConfigurationList = 0417DEA5296893D300A51775 /* Build configuration list for PBXNativeTarget "WeatherVIPER_Test" */;
			buildPhases = (
				0417DE8D296893D100A51775 /* Sources */,
				0417DE8E296893D100A51775 /* Frameworks */,
				0417DE8F296893D100A51775 /* Resources */,
			);
			buildRules = (
			);
			dependencies = (
			);
			name = WeatherVIPER_Test;
			productName = WeatherVIPER_Test;
			productReference = 0417DE91296893D100A51775 /* WeatherVIPER_Test.app */;
			productType = "com.apple.product-type.application";
		};
/* End PBXNativeTarget section */

/* Begin PBXProject section */
		0417DE89296893D100A51775 /* Project object */ = {
			isa = PBXProject;
			attributes = {
				BuildIndependentTargetsInParallel = 1;
				LastSwiftUpdateCheck = 1420;
				LastUpgradeCheck = 1420;
				TargetAttributes = {
					0417DE90296893D100A51775 = {
						CreatedOnToolsVersion = 14.2;
					};
				};
			};
			buildConfigurationList = 0417DE8C296893D100A51775 /* Build configuration list for PBXProject "WeatherVIPER_Test" */;
			compatibilityVersion = "Xcode 13.0";
			developmentRegion = en;
			hasScannedForEncodings = 0;
			knownRegions = (
				en,
				Base,
			);
			mainGroup = 0417DE88296893D100A51775;
			productRefGroup = 0417DE92296893D100A51775 /* Products */;
			projectDirPath = "";
			projectRoot = "";
			targets = (
				0417DE90296893D100A51775 /* WeatherVIPER_Test */,
			);
		};
/* End PBXProject section */

/* Begin PBXResourcesBuildPhase section */
		0417DE8F296893D100A51775 /* Resources */ = {
			isa = PBXResourcesBuildPhase;
			buildActionMask = 2147483647;
			files = (
				0417DEA1296893D300A51775 /* LaunchScreen.storyboard in Resources */,
				0417DE9E296893D300A51775 /* Assets.xcassets in Resources */,
			);
			runOnlyForDeploymentPostprocessing = 0;
		};
/* End PBXResourcesBuildPhase section */

/* Begin PBXSourcesBuildPhase section */
		0417DE8D296893D100A51775 /* Sources */ = {
			isa = PBXSourcesBuildPhase;
			buildActionMask = 2147483647;
			files = (
				04322E7B29697C33007D73CF /* MainModuleBilder.swift in Sources */,
				0417DEBC2968D79D00A51775 /* UIView.swift in Sources */,
				044F61952985B71800F8504F /* WeatherResult.swift in Sources */,
				044F617B2985297600F8504F /* Double.swift in Sources */,
				0417DEB62968D45F00A51775 /* WeatherTableViewCell.swift in Sources */,
				0417DE99296893D100A51775 /* ViewController.swift in Sources */,
				0417DE95296893D100A51775 /* AppDelegate.swift in Sources */,
				0417DEB22968D30F00A51775 /* UILabel.swift in Sources */,
				04322E7729697A8A007D73CF /* MainRouter.swift in Sources */,
				044F618F298592ED00F8504F /* DataBaseModel.xcdatamodeld in Sources */,
				0417DEAC29689E7C00A51775 /* NetworkService.swift in Sources */,
				044F619129859F6B00F8504F /* DataBaseManager.swift in Sources */,
				0417DE97296893D100A51775 /* SceneDelegate.swift in Sources */,
				0431B23A296DEADE00A34953 /* LocationService.swift in Sources */,
				0417DEB02968AE1700A51775 /* SearchResults.swift in Sources */,
				04322E75296975E8007D73CF /* MainPresenter.swift in Sources */,
				0417DEAE29689EF500A51775 /* NetworkDataFetcher.swift in Sources */,
				0417DEB82968D51800A51775 /* UIFont.swift in Sources */,
				04322E7929697B46007D73CF /* MainInteractor.swift in Sources */,
			);
			runOnlyForDeploymentPostprocessing = 0;
		};
/* End PBXSourcesBuildPhase section */

/* Begin PBXVariantGroup section */
		0417DE9F296893D300A51775 /* LaunchScreen.storyboard */ = {
			isa = PBXVariantGroup;
			children = (
				0417DEA0296893D300A51775 /* Base */,
			);
			name = LaunchScreen.storyboard;
			sourceTree = "<group>";
		};
/* End PBXVariantGroup section */

/* Begin XCBuildConfiguration section */
		0417DEA3296893D300A51775 /* Debug */ = {
			isa = XCBuildConfiguration;
			buildSettings = {
				ALWAYS_SEARCH_USER_PATHS = NO;
				CLANG_ANALYZER_NONNULL = YES;
				CLANG_ANALYZER_NUMBER_OBJECT_CONVERSION = YES_AGGRESSIVE;
				CLANG_CXX_LANGUAGE_STANDARD = "gnu++20";
				CLANG_ENABLE_MODULES = YES;
				CLANG_ENABLE_OBJC_ARC = YES;
				CLANG_ENABLE_OBJC_WEAK = YES;
				CLANG_WARN_BLOCK_CAPTURE_AUTORELEASING = YES;
				CLANG_WARN_BOOL_CONVERSION = YES;
				CLANG_WARN_COMMA = YES;
				CLANG_WARN_CONSTANT_CONVERSION = YES;
				CLANG_WARN_DEPRECATED_OBJC_IMPLEMENTATIONS = YES;
				CLANG_WARN_DIRECT_OBJC_ISA_USAGE = YES_ERROR;
				CLANG_WARN_DOCUMENTATION_COMMENTS = YES;
				CLANG_WARN_EMPTY_BODY = YES;
				CLANG_WARN_ENUM_CONVERSION = YES;
				CLANG_WARN_INFINITE_RECURSION = YES;
				CLANG_WARN_INT_CONVERSION = YES;
				CLANG_WARN_NON_LITERAL_NULL_CONVERSION = YES;
				CLANG_WARN_OBJC_IMPLICIT_RETAIN_SELF = YES;
				CLANG_WARN_OBJC_LITERAL_CONVERSION = YES;
				CLANG_WARN_OBJC_ROOT_CLASS = YES_ERROR;
				CLANG_WARN_QUOTED_INCLUDE_IN_FRAMEWORK_HEADER = YES;
				CLANG_WARN_RANGE_LOOP_ANALYSIS = YES;
				CLANG_WARN_STRICT_PROTOTYPES = YES;
				CLANG_WARN_SUSPICIOUS_MOVE = YES;
				CLANG_WARN_UNGUARDED_AVAILABILITY = YES_AGGRESSIVE;
				CLANG_WARN_UNREACHABLE_CODE = YES;
				CLANG_WARN__DUPLICATE_METHOD_MATCH = YES;
				COPY_PHASE_STRIP = NO;
				DEBUG_INFORMATION_FORMAT = dwarf;
				ENABLE_STRICT_OBJC_MSGSEND = YES;
				ENABLE_TESTABILITY = YES;
				GCC_C_LANGUAGE_STANDARD = gnu11;
				GCC_DYNAMIC_NO_PIC = NO;
				GCC_NO_COMMON_BLOCKS = YES;
				GCC_OPTIMIZATION_LEVEL = 0;
				GCC_PREPROCESSOR_DEFINITIONS = (
					"DEBUG=1",
					"$(inherited)",
				);
				GCC_WARN_64_TO_32_BIT_CONVERSION = YES;
				GCC_WARN_ABOUT_RETURN_TYPE = YES_ERROR;
				GCC_WARN_UNDECLARED_SELECTOR = YES;
				GCC_WARN_UNINITIALIZED_AUTOS = YES_AGGRESSIVE;
				GCC_WARN_UNUSED_FUNCTION = YES;
				GCC_WARN_UNUSED_VARIABLE = YES;
				IPHONEOS_DEPLOYMENT_TARGET = 14.0;
				MTL_ENABLE_DEBUG_INFO = INCLUDE_SOURCE;
				MTL_FAST_MATH = YES;
				ONLY_ACTIVE_ARCH = YES;
				SDKROOT = iphoneos;
				SWIFT_ACTIVE_COMPILATION_CONDITIONS = DEBUG;
				SWIFT_OPTIMIZATION_LEVEL = "-Onone";
			};
			name = Debug;
		};
		0417DEA4296893D300A51775 /* Release */ = {
			isa = XCBuildConfiguration;
			buildSettings = {
				ALWAYS_SEARCH_USER_PATHS = NO;
				CLANG_ANALYZER_NONNULL = YES;
				CLANG_ANALYZER_NUMBER_OBJECT_CONVERSION = YES_AGGRESSIVE;
				CLANG_CXX_LANGUAGE_STANDARD = "gnu++20";
				CLANG_ENABLE_MODULES = YES;
				CLANG_ENABLE_OBJC_ARC = YES;
				CLANG_ENABLE_OBJC_WEAK = YES;
				CLANG_WARN_BLOCK_CAPTURE_AUTORELEASING = YES;
				CLANG_WARN_BOOL_CONVERSION = YES;
				CLANG_WARN_COMMA = YES;
				CLANG_WARN_CONSTANT_CONVERSION = YES;
				CLANG_WARN_DEPRECATED_OBJC_IMPLEMENTATIONS = YES;
				CLANG_WARN_DIRECT_OBJC_ISA_USAGE = YES_ERROR;
				CLANG_WARN_DOCUMENTATION_COMMENTS = YES;
				CLANG_WARN_EMPTY_BODY = YES;
				CLANG_WARN_ENUM_CONVERSION = YES;
				CLANG_WARN_INFINITE_RECURSION = YES;
				CLANG_WARN_INT_CONVERSION = YES;
				CLANG_WARN_NON_LITERAL_NULL_CONVERSION = YES;
				CLANG_WARN_OBJC_IMPLICIT_RETAIN_SELF = YES;
				CLANG_WARN_OBJC_LITERAL_CONVERSION = YES;
				CLANG_WARN_OBJC_ROOT_CLASS = YES_ERROR;
				CLANG_WARN_QUOTED_INCLUDE_IN_FRAMEWORK_HEADER = YES;
				CLANG_WARN_RANGE_LOOP_ANALYSIS = YES;
				CLANG_WARN_STRICT_PROTOTYPES = YES;
				CLANG_WARN_SUSPICIOUS_MOVE = YES;
				CLANG_WARN_UNGUARDED_AVAILABILITY = YES_AGGRESSIVE;
				CLANG_WARN_UNREACHABLE_CODE = YES;
				CLANG_WARN__DUPLICATE_METHOD_MATCH = YES;
				COPY_PHASE_STRIP = NO;
				DEBUG_INFORMATION_FORMAT = "dwarf-with-dsym";
				ENABLE_NS_ASSERTIONS = NO;
				ENABLE_STRICT_OBJC_MSGSEND = YES;
				GCC_C_LANGUAGE_STANDARD = gnu11;
				GCC_NO_COMMON_BLOCKS = YES;
				GCC_WARN_64_TO_32_BIT_CONVERSION = YES;
				GCC_WARN_ABOUT_RETURN_TYPE = YES_ERROR;
				GCC_WARN_UNDECLARED_SELECTOR = YES;
				GCC_WARN_UNINITIALIZED_AUTOS = YES_AGGRESSIVE;
				GCC_WARN_UNUSED_FUNCTION = YES;
				GCC_WARN_UNUSED_VARIABLE = YES;
				IPHONEOS_DEPLOYMENT_TARGET = 14.0;
				MTL_ENABLE_DEBUG_INFO = NO;
				MTL_FAST_MATH = YES;
				SDKROOT = iphoneos;
				SWIFT_COMPILATION_MODE = wholemodule;
				SWIFT_OPTIMIZATION_LEVEL = "-O";
				VALIDATE_PRODUCT = YES;
			};
			name = Release;
		};
		0417DEA6296893D300A51775 /* Debug */ = {
			isa = XCBuildConfiguration;
			buildSettings = {
				ASSETCATALOG_COMPILER_APPICON_NAME = AppIcon;
				ASSETCATALOG_COMPILER_GLOBAL_ACCENT_COLOR_NAME = AccentColor;
				CODE_SIGN_STYLE = Automatic;
				CURRENT_PROJECT_VERSION = 1;
				DEVELOPMENT_TEAM = 3F259YDG94;
				GENERATE_INFOPLIST_FILE = YES;
				INFOPLIST_FILE = WeatherVIPER_Test/Application/Info.plist;
				INFOPLIST_KEY_UIApplicationSupportsIndirectInputEvents = YES;
				INFOPLIST_KEY_UILaunchStoryboardName = LaunchScreen;
				INFOPLIST_KEY_UISupportedInterfaceOrientations_iPad = "UIInterfaceOrientationPortrait UIInterfaceOrientationPortraitUpsideDown UIInterfaceOrientationLandscapeLeft UIInterfaceOrientationLandscapeRight";
				INFOPLIST_KEY_UISupportedInterfaceOrientations_iPhone = "UIInterfaceOrientationPortrait UIInterfaceOrientationLandscapeLeft UIInterfaceOrientationLandscapeRight";
				IPHONEOS_DEPLOYMENT_TARGET = 14.0;
				LD_RUNPATH_SEARCH_PATHS = (
					"$(inherited)",
					"@executable_path/Frameworks",
				);
				MARKETING_VERSION = 1.0;
				PRODUCT_BUNDLE_IDENTIFIER = "com.trofimova.WeatherVIPER-Test";
				PRODUCT_NAME = "$(TARGET_NAME)";
				SWIFT_EMIT_LOC_STRINGS = YES;
				SWIFT_VERSION = 5.0;
				TARGETED_DEVICE_FAMILY = "1,2";
			};
			name = Debug;
		};
		0417DEA7296893D300A51775 /* Release */ = {
			isa = XCBuildConfiguration;
			buildSettings = {
				ASSETCATALOG_COMPILER_APPICON_NAME = AppIcon;
				ASSETCATALOG_COMPILER_GLOBAL_ACCENT_COLOR_NAME = AccentColor;
				CODE_SIGN_STYLE = Automatic;
				CURRENT_PROJECT_VERSION = 1;
				DEVELOPMENT_TEAM = 3F259YDG94;
				GENERATE_INFOPLIST_FILE = YES;
				INFOPLIST_FILE = WeatherVIPER_Test/Application/Info.plist;
				INFOPLIST_KEY_UIApplicationSupportsIndirectInputEvents = YES;
				INFOPLIST_KEY_UILaunchStoryboardName = LaunchScreen;
				INFOPLIST_KEY_UISupportedInterfaceOrientations_iPad = "UIInterfaceOrientationPortrait UIInterfaceOrientationPortraitUpsideDown UIInterfaceOrientationLandscapeLeft UIInterfaceOrientationLandscapeRight";
				INFOPLIST_KEY_UISupportedInterfaceOrientations_iPhone = "UIInterfaceOrientationPortrait UIInterfaceOrientationLandscapeLeft UIInterfaceOrientationLandscapeRight";
				IPHONEOS_DEPLOYMENT_TARGET = 14.0;
				LD_RUNPATH_SEARCH_PATHS = (
					"$(inherited)",
					"@executable_path/Frameworks",
				);
				MARKETING_VERSION = 1.0;
				PRODUCT_BUNDLE_IDENTIFIER = "com.trofimova.WeatherVIPER-Test";
				PRODUCT_NAME = "$(TARGET_NAME)";
				SWIFT_EMIT_LOC_STRINGS = YES;
				SWIFT_VERSION = 5.0;
				TARGETED_DEVICE_FAMILY = "1,2";
			};
			name = Release;
		};
/* End XCBuildConfiguration section */

/* Begin XCConfigurationList section */
		0417DE8C296893D100A51775 /* Build configuration list for PBXProject "WeatherVIPER_Test" */ = {
			isa = XCConfigurationList;
			buildConfigurations = (
				0417DEA3296893D300A51775 /* Debug */,
				0417DEA4296893D300A51775 /* Release */,
			);
			defaultConfigurationIsVisible = 0;
			defaultConfigurationName = Release;
		};
		0417DEA5296893D300A51775 /* Build configuration list for PBXNativeTarget "WeatherVIPER_Test" */ = {
			isa = XCConfigurationList;
			buildConfigurations = (
				0417DEA6296893D300A51775 /* Debug */,
				0417DEA7296893D300A51775 /* Release */,
			);
			defaultConfigurationIsVisible = 0;
			defaultConfigurationName = Release;
		};
/* End XCConfigurationList section */

/* Begin XCVersionGroup section */
		044F618D298592ED00F8504F /* DataBaseModel.xcdatamodeld */ = {
			isa = XCVersionGroup;
			children = (
				044F618E298592ED00F8504F /* DataBaseModel.xcdatamodel */,
			);
			currentVersion = 044F618E298592ED00F8504F /* DataBaseModel.xcdatamodel */;
			path = DataBaseModel.xcdatamodeld;
			sourceTree = "<group>";
			versionGroupType = wrapper.xcdatamodel;
		};
/* End XCVersionGroup section */
	};
	rootObject = 0417DE89296893D100A51775 /* Project object */;
}
